// !$*UTF8*$!
{
	archiveVersion = 1;
	classes = {
	};
	objectVersion = 55;
	objects = {

/* Begin PBXBuildFile section */
		3429ADC4292D62C8007E8983 /* Curiosidades.swift in Sources */ = {isa = PBXBuildFile; fileRef = 3429ADC3292D62C8007E8983 /* Curiosidades.swift */; };
		3429ADC6292D632C007E8983 /* Passeio.swift in Sources */ = {isa = PBXBuildFile; fileRef = 3429ADC5292D632C007E8983 /* Passeio.swift */; };
		3429ADC8292D6430007E8983 /* Comida.swift in Sources */ = {isa = PBXBuildFile; fileRef = 3429ADC7292D6430007E8983 /* Comida.swift */; };
		3429ADCA292D645B007E8983 /* Vacina.swift in Sources */ = {isa = PBXBuildFile; fileRef = 3429ADC9292D645B007E8983 /* Vacina.swift */; };
		3429ADCC292D6549007E8983 /* PetShop.swift in Sources */ = {isa = PBXBuildFile; fileRef = 3429ADCB292D6549007E8983 /* PetShop.swift */; };
		62B187D32926B1A1002A3AF2 /* LaunchScreen.storyboard in Resources */ = {isa = PBXBuildFile; fileRef = 62B187D22926B1A1002A3AF2 /* LaunchScreen.storyboard */; };
		8633D5152926D43E005FD4D6 /* Banho.swift in Sources */ = {isa = PBXBuildFile; fileRef = 8633D5142926D43E005FD4D6 /* Banho.swift */; };
		86551692291EC9F800170E28 /* (null) in Sources */ = {isa = PBXBuildFile; };
		866DD62229142C0700DB4835 /* TutOne.swift in Sources */ = {isa = PBXBuildFile; fileRef = 866DD62129142C0700DB4835 /* TutOne.swift */; };
		8674581529086E8E0041C0B1 /* PetsCugaraApp.swift in Sources */ = {isa = PBXBuildFile; fileRef = 8674581429086E8E0041C0B1 /* PetsCugaraApp.swift */; };
		8674581729086E8E0041C0B1 /* ContentView.swift in Sources */ = {isa = PBXBuildFile; fileRef = 8674581629086E8E0041C0B1 /* ContentView.swift */; };
		8674581929086E8F0041C0B1 /* Assets.xcassets in Resources */ = {isa = PBXBuildFile; fileRef = 8674581829086E8F0041C0B1 /* Assets.xcassets */; };
		8674581C29086E8F0041C0B1 /* Preview Assets.xcassets in Resources */ = {isa = PBXBuildFile; fileRef = 8674581B29086E8F0041C0B1 /* Preview Assets.xcassets */; };
		8674582429086FA50041C0B1 /* FirstPage.swift in Sources */ = {isa = PBXBuildFile; fileRef = 8674582329086FA50041C0B1 /* FirstPage.swift */; };
		8674582629086FB30041C0B1 /* HomePage.swift in Sources */ = {isa = PBXBuildFile; fileRef = 8674582529086FB30041C0B1 /* HomePage.swift */; };
		86990C8E292D5DD7005DC4C6 /* Textos.swift in Sources */ = {isa = PBXBuildFile; fileRef = 86990C8D292D5DD7005DC4C6 /* Textos.swift */; };
		86990C92292D6D23005DC4C6 /* HomePage2.swift in Sources */ = {isa = PBXBuildFile; fileRef = 86990C91292D6D23005DC4C6 /* HomePage2.swift */; };
		86CC65CA291D986B0020F1C9 /* pointfree.ttf in Resources */ = {isa = PBXBuildFile; fileRef = 86CC65C9291D986B0020F1C9 /* pointfree.ttf */; };
		86CC65CC291D98770020F1C9 /* Pulang.ttf in Resources */ = {isa = PBXBuildFile; fileRef = 86CC65CB291D98770020F1C9 /* Pulang.ttf */; };
/* End PBXBuildFile section */

/* Begin PBXFileReference section */
		3429ADC3292D62C8007E8983 /* Curiosidades.swift */ = {isa = PBXFileReference; lastKnownFileType = sourcecode.swift; path = Curiosidades.swift; sourceTree = "<group>"; };
		3429ADC5292D632C007E8983 /* Passeio.swift */ = {isa = PBXFileReference; lastKnownFileType = sourcecode.swift; path = Passeio.swift; sourceTree = "<group>"; };
		3429ADC7292D6430007E8983 /* Comida.swift */ = {isa = PBXFileReference; lastKnownFileType = sourcecode.swift; path = Comida.swift; sourceTree = "<group>"; };
		3429ADC9292D645B007E8983 /* Vacina.swift */ = {isa = PBXFileReference; lastKnownFileType = sourcecode.swift; path = Vacina.swift; sourceTree = "<group>"; };
		3429ADCB292D6549007E8983 /* PetShop.swift */ = {isa = PBXFileReference; lastKnownFileType = sourcecode.swift; path = PetShop.swift; sourceTree = "<group>"; };
		62B187D22926B1A1002A3AF2 /* LaunchScreen.storyboard */ = {isa = PBXFileReference; lastKnownFileType = file.storyboard; path = LaunchScreen.storyboard; sourceTree = "<group>"; };
		8633D5142926D43E005FD4D6 /* Banho.swift */ = {isa = PBXFileReference; lastKnownFileType = sourcecode.swift; path = Banho.swift; sourceTree = "<group>"; };
		8646293529158B1F001FE1B0 /* Info.plist */ = {isa = PBXFileReference; lastKnownFileType = text.plist.xml; path = Info.plist; sourceTree = "<group>"; };
		866DD62129142C0700DB4835 /* TutOne.swift */ = {isa = PBXFileReference; lastKnownFileType = sourcecode.swift; path = TutOne.swift; sourceTree = "<group>"; };
		8674581129086E8E0041C0B1 /* PetsCugara.app */ = {isa = PBXFileReference; explicitFileType = wrapper.application; includeInIndex = 0; path = PetsCugara.app; sourceTree = BUILT_PRODUCTS_DIR; };
		8674581429086E8E0041C0B1 /* PetsCugaraApp.swift */ = {isa = PBXFileReference; lastKnownFileType = sourcecode.swift; path = PetsCugaraApp.swift; sourceTree = "<group>"; };
		8674581629086E8E0041C0B1 /* ContentView.swift */ = {isa = PBXFileReference; lastKnownFileType = sourcecode.swift; path = ContentView.swift; sourceTree = "<group>"; };
		8674581829086E8F0041C0B1 /* Assets.xcassets */ = {isa = PBXFileReference; lastKnownFileType = folder.assetcatalog; path = Assets.xcassets; sourceTree = "<group>"; };
		8674581B29086E8F0041C0B1 /* Preview Assets.xcassets */ = {isa = PBXFileReference; lastKnownFileType = folder.assetcatalog; path = "Preview Assets.xcassets"; sourceTree = "<group>"; };
		8674582329086FA50041C0B1 /* FirstPage.swift */ = {isa = PBXFileReference; lastKnownFileType = sourcecode.swift; path = FirstPage.swift; sourceTree = "<group>"; };
		8674582529086FB30041C0B1 /* HomePage.swift */ = {isa = PBXFileReference; lastKnownFileType = sourcecode.swift; path = HomePage.swift; sourceTree = "<group>"; };
		86990C8D292D5DD7005DC4C6 /* Textos.swift */ = {isa = PBXFileReference; lastKnownFileType = sourcecode.swift; path = Textos.swift; sourceTree = "<group>"; };
		86990C91292D6D23005DC4C6 /* HomePage2.swift */ = {isa = PBXFileReference; fileEncoding = 4; lastKnownFileType = sourcecode.swift; path = HomePage2.swift; sourceTree = "<group>"; };
		86CC65C9291D986B0020F1C9 /* pointfree.ttf */ = {isa = PBXFileReference; lastKnownFileType = file; path = pointfree.ttf; sourceTree = "<group>"; };
		86CC65CB291D98770020F1C9 /* Pulang.ttf */ = {isa = PBXFileReference; lastKnownFileType = file; path = Pulang.ttf; sourceTree = "<group>"; };
/* End PBXFileReference section */

/* Begin PBXFrameworksBuildPhase section */
		8674580E29086E8E0041C0B1 /* Frameworks */ = {
			isa = PBXFrameworksBuildPhase;
			buildActionMask = 2147483647;
			files = (
			);
			runOnlyForDeploymentPostprocessing = 0;
		};
/* End PBXFrameworksBuildPhase section */

/* Begin PBXGroup section */
		8633D5132926D42D005FD4D6 /* Topicos */ = {
			isa = PBXGroup;
			children = (
				8633D5142926D43E005FD4D6 /* Banho.swift */,
				86990C8D292D5DD7005DC4C6 /* Textos.swift */,
				3429ADC7292D6430007E8983 /* Comida.swift */,
				3429ADC9292D645B007E8983 /* Vacina.swift */,
				3429ADC3292D62C8007E8983 /* Curiosidades.swift */,
				3429ADC5292D632C007E8983 /* Passeio.swift */,
				3429ADCB292D6549007E8983 /* PetShop.swift */,
			);
			path = Topicos;
			sourceTree = "<group>";
		};
		866DD62029142BF500DB4835 /* Tutorial */ = {
			isa = PBXGroup;
			children = (
				866DD62129142C0700DB4835 /* TutOne.swift */,
			);
			path = Tutorial;
			sourceTree = "<group>";
		};
		8674580829086E8E0041C0B1 = {
			isa = PBXGroup;
			children = (
				8674581329086E8E0041C0B1 /* PetsCugara */,
				8674581229086E8E0041C0B1 /* Products */,
			);
			sourceTree = "<group>";
		};
		8674581229086E8E0041C0B1 /* Products */ = {
			isa = PBXGroup;
			children = (
				8674581129086E8E0041C0B1 /* PetsCugara.app */,
			);
			name = Products;
			sourceTree = "<group>";
		};
		8674581329086E8E0041C0B1 /* PetsCugara */ = {
			isa = PBXGroup;
			children = (
				86CC65C8291D98560020F1C9 /* Fontes */,
				8646293529158B1F001FE1B0 /* Info.plist */,
				8674582229086F880041C0B1 /* Pages */,
				8674581429086E8E0041C0B1 /* PetsCugaraApp.swift */,
				8674581629086E8E0041C0B1 /* ContentView.swift */,
				8674581829086E8F0041C0B1 /* Assets.xcassets */,
				8674581A29086E8F0041C0B1 /* Preview Content */,
			);
			path = PetsCugara;
			sourceTree = "<group>";
		};
		8674581A29086E8F0041C0B1 /* Preview Content */ = {
			isa = PBXGroup;
			children = (
				8674581B29086E8F0041C0B1 /* Preview Assets.xcassets */,
			);
			path = "Preview Content";
			sourceTree = "<group>";
		};
		8674582229086F880041C0B1 /* Pages */ = {
			isa = PBXGroup;
			children = (
				8633D5132926D42D005FD4D6 /* Topicos */,
				866DD62029142BF500DB4835 /* Tutorial */,
				8674582329086FA50041C0B1 /* FirstPage.swift */,
				8674582529086FB30041C0B1 /* HomePage.swift */,
				86990C91292D6D23005DC4C6 /* HomePage2.swift */,
				62B187D22926B1A1002A3AF2 /* LaunchScreen.storyboard */,
			);
			path = Pages;
			sourceTree = "<group>";
		};
		86CC65C8291D98560020F1C9 /* Fontes */ = {
			isa = PBXGroup;
			children = (
				86CC65CB291D98770020F1C9 /* Pulang.ttf */,
				86CC65C9291D986B0020F1C9 /* pointfree.ttf */,
			);
			path = Fontes;
			sourceTree = "<group>";
		};
/* End PBXGroup section */

/* Begin PBXNativeTarget section */
		8674581029086E8E0041C0B1 /* PetsCugara */ = {
			isa = PBXNativeTarget;
			buildConfigurationList = 8674581F29086E8F0041C0B1 /* Build configuration list for PBXNativeTarget "PetsCugara" */;
			buildPhases = (
				8674580D29086E8E0041C0B1 /* Sources */,
				8674580E29086E8E0041C0B1 /* Frameworks */,
				8674580F29086E8E0041C0B1 /* Resources */,
			);
			buildRules = (
			);
			dependencies = (
			);
			name = PetsCugara;
			productName = PetsCugara;
			productReference = 8674581129086E8E0041C0B1 /* PetsCugara.app */;
			productType = "com.apple.product-type.application";
		};
/* End PBXNativeTarget section */

/* Begin PBXProject section */
		8674580929086E8E0041C0B1 /* Project object */ = {
			isa = PBXProject;
			attributes = {
				BuildIndependentTargetsInParallel = 1;
				LastSwiftUpdateCheck = 1340;
				LastUpgradeCheck = 1340;
				TargetAttributes = {
					8674581029086E8E0041C0B1 = {
						CreatedOnToolsVersion = 13.4.1;
					};
				};
			};
			buildConfigurationList = 8674580C29086E8E0041C0B1 /* Build configuration list for PBXProject "PetsCugara" */;
			compatibilityVersion = "Xcode 13.0";
			developmentRegion = en;
			hasScannedForEncodings = 0;
			knownRegions = (
				en,
				Base,
			);
			mainGroup = 8674580829086E8E0041C0B1;
			productRefGroup = 8674581229086E8E0041C0B1 /* Products */;
			projectDirPath = "";
			projectRoot = "";
			targets = (
				8674581029086E8E0041C0B1 /* PetsCugara */,
			);
		};
/* End PBXProject section */

/* Begin PBXResourcesBuildPhase section */
		8674580F29086E8E0041C0B1 /* Resources */ = {
			isa = PBXResourcesBuildPhase;
			buildActionMask = 2147483647;
			files = (
				86CC65CA291D986B0020F1C9 /* pointfree.ttf in Resources */,
				86CC65CC291D98770020F1C9 /* Pulang.ttf in Resources */,
				8674581C29086E8F0041C0B1 /* Preview Assets.xcassets in Resources */,
				62B187D32926B1A1002A3AF2 /* LaunchScreen.storyboard in Resources */,
				8674581929086E8F0041C0B1 /* Assets.xcassets in Resources */,
			);
			runOnlyForDeploymentPostprocessing = 0;
		};
/* End PBXResourcesBuildPhase section */

/* Begin PBXSourcesBuildPhase section */
		8674580D29086E8E0041C0B1 /* Sources */ = {
			isa = PBXSourcesBuildPhase;
			buildActionMask = 2147483647;
			files = (
				3429ADCC292D6549007E8983 /* PetShop.swift in Sources */,
				3429ADC4292D62C8007E8983 /* Curiosidades.swift in Sources */,
				866DD62229142C0700DB4835 /* TutOne.swift in Sources */,
				86990C8E292D5DD7005DC4C6 /* Textos.swift in Sources */,
				86551692291EC9F800170E28 /* (null) in Sources */,
				8674581729086E8E0041C0B1 /* ContentView.swift in Sources */,
				8674581529086E8E0041C0B1 /* PetsCugaraApp.swift in Sources */,
				8633D5152926D43E005FD4D6 /* Banho.swift in Sources */,
				3429ADC8292D6430007E8983 /* Comida.swift in Sources */,
				3429ADC6292D632C007E8983 /* Passeio.swift in Sources */,
				8674582429086FA50041C0B1 /* FirstPage.swift in Sources */,
				8674582629086FB30041C0B1 /* HomePage.swift in Sources */,
				3429ADCA292D645B007E8983 /* Vacina.swift in Sources */,
				86990C92292D6D23005DC4C6 /* HomePage2.swift in Sources */,
			);
			runOnlyForDeploymentPostprocessing = 0;
		};
/* End PBXSourcesBuildPhase section */

/* Begin XCBuildConfiguration section */
		8674581D29086E8F0041C0B1 /* Debug */ = {
			isa = XCBuildConfiguration;
			buildSettings = {
				ALWAYS_SEARCH_USER_PATHS = NO;
				CLANG_ANALYZER_NONNULL = YES;
				CLANG_ANALYZER_NUMBER_OBJECT_CONVERSION = YES_AGGRESSIVE;
				CLANG_CXX_LANGUAGE_STANDARD = "gnu++17";
				CLANG_ENABLE_MODULES = YES;
				CLANG_ENABLE_OBJC_ARC = YES;
				CLANG_ENABLE_OBJC_WEAK = YES;
				CLANG_WARN_BLOCK_CAPTURE_AUTORELEASING = YES;
				CLANG_WARN_BOOL_CONVERSION = YES;
				CLANG_WARN_COMMA = YES;
				CLANG_WARN_CONSTANT_CONVERSION = YES;
				CLANG_WARN_DEPRECATED_OBJC_IMPLEMENTATIONS = YES;
				CLANG_WARN_DIRECT_OBJC_ISA_USAGE = YES_ERROR;
				CLANG_WARN_DOCUMENTATION_COMMENTS = YES;
				CLANG_WARN_EMPTY_BODY = YES;
				CLANG_WARN_ENUM_CONVERSION = YES;
				CLANG_WARN_INFINITE_RECURSION = YES;
				CLANG_WARN_INT_CONVERSION = YES;
				CLANG_WARN_NON_LITERAL_NULL_CONVERSION = YES;
				CLANG_WARN_OBJC_IMPLICIT_RETAIN_SELF = YES;
				CLANG_WARN_OBJC_LITERAL_CONVERSION = YES;
				CLANG_WARN_OBJC_ROOT_CLASS = YES_ERROR;
				CLANG_WARN_QUOTED_INCLUDE_IN_FRAMEWORK_HEADER = YES;
				CLANG_WARN_RANGE_LOOP_ANALYSIS = YES;
				CLANG_WARN_STRICT_PROTOTYPES = YES;
				CLANG_WARN_SUSPICIOUS_MOVE = YES;
				CLANG_WARN_UNGUARDED_AVAILABILITY = YES_AGGRESSIVE;
				CLANG_WARN_UNREACHABLE_CODE = YES;
				CLANG_WARN__DUPLICATE_METHOD_MATCH = YES;
				COPY_PHASE_STRIP = NO;
				DEBUG_INFORMATION_FORMAT = dwarf;
				ENABLE_STRICT_OBJC_MSGSEND = YES;
				ENABLE_TESTABILITY = YES;
				GCC_C_LANGUAGE_STANDARD = gnu11;
				GCC_DYNAMIC_NO_PIC = NO;
				GCC_NO_COMMON_BLOCKS = YES;
				GCC_OPTIMIZATION_LEVEL = 0;
				GCC_PREPROCESSOR_DEFINITIONS = (
					"DEBUG=1",
					"$(inherited)",
				);
				GCC_WARN_64_TO_32_BIT_CONVERSION = YES;
				GCC_WARN_ABOUT_RETURN_TYPE = YES_ERROR;
				GCC_WARN_UNDECLARED_SELECTOR = YES;
				GCC_WARN_UNINITIALIZED_AUTOS = YES_AGGRESSIVE;
				GCC_WARN_UNUSED_FUNCTION = YES;
				GCC_WARN_UNUSED_VARIABLE = YES;
				IPHONEOS_DEPLOYMENT_TARGET = 15.5;
				MTL_ENABLE_DEBUG_INFO = INCLUDE_SOURCE;
				MTL_FAST_MATH = YES;
				ONLY_ACTIVE_ARCH = YES;
				SDKROOT = iphoneos;
				SWIFT_ACTIVE_COMPILATION_CONDITIONS = DEBUG;
				SWIFT_OPTIMIZATION_LEVEL = "-Onone";
			};
			name = Debug;
		};
		8674581E29086E8F0041C0B1 /* Release */ = {
			isa = XCBuildConfiguration;
			buildSettings = {
				ALWAYS_SEARCH_USER_PATHS = NO;
				CLANG_ANALYZER_NONNULL = YES;
				CLANG_ANALYZER_NUMBER_OBJECT_CONVERSION = YES_AGGRESSIVE;
				CLANG_CXX_LANGUAGE_STANDARD = "gnu++17";
				CLANG_ENABLE_MODULES = YES;
				CLANG_ENABLE_OBJC_ARC = YES;
				CLANG_ENABLE_OBJC_WEAK = YES;
				CLANG_WARN_BLOCK_CAPTURE_AUTORELEASING = YES;
				CLANG_WARN_BOOL_CONVERSION = YES;
				CLANG_WARN_COMMA = YES;
				CLANG_WARN_CONSTANT_CONVERSION = YES;
				CLANG_WARN_DEPRECATED_OBJC_IMPLEMENTATIONS = YES;
				CLANG_WARN_DIRECT_OBJC_ISA_USAGE = YES_ERROR;
				CLANG_WARN_DOCUMENTATION_COMMENTS = YES;
				CLANG_WARN_EMPTY_BODY = YES;
				CLANG_WARN_ENUM_CONVERSION = YES;
				CLANG_WARN_INFINITE_RECURSION = YES;
				CLANG_WARN_INT_CONVERSION = YES;
				CLANG_WARN_NON_LITERAL_NULL_CONVERSION = YES;
				CLANG_WARN_OBJC_IMPLICIT_RETAIN_SELF = YES;
				CLANG_WARN_OBJC_LITERAL_CONVERSION = YES;
				CLANG_WARN_OBJC_ROOT_CLASS = YES_ERROR;
				CLANG_WARN_QUOTED_INCLUDE_IN_FRAMEWORK_HEADER = YES;
				CLANG_WARN_RANGE_LOOP_ANALYSIS = YES;
				CLANG_WARN_STRICT_PROTOTYPES = YES;
				CLANG_WARN_SUSPICIOUS_MOVE = YES;
				CLANG_WARN_UNGUARDED_AVAILABILITY = YES_AGGRESSIVE;
				CLANG_WARN_UNREACHABLE_CODE = YES;
				CLANG_WARN__DUPLICATE_METHOD_MATCH = YES;
				COPY_PHASE_STRIP = NO;
				DEBUG_INFORMATION_FORMAT = "dwarf-with-dsym";
				ENABLE_NS_ASSERTIONS = NO;
				ENABLE_STRICT_OBJC_MSGSEND = YES;
				GCC_C_LANGUAGE_STANDARD = gnu11;
				GCC_NO_COMMON_BLOCKS = YES;
				GCC_WARN_64_TO_32_BIT_CONVERSION = YES;
				GCC_WARN_ABOUT_RETURN_TYPE = YES_ERROR;
				GCC_WARN_UNDECLARED_SELECTOR = YES;
				GCC_WARN_UNINITIALIZED_AUTOS = YES_AGGRESSIVE;
				GCC_WARN_UNUSED_FUNCTION = YES;
				GCC_WARN_UNUSED_VARIABLE = YES;
				IPHONEOS_DEPLOYMENT_TARGET = 15.5;
				MTL_ENABLE_DEBUG_INFO = NO;
				MTL_FAST_MATH = YES;
				SDKROOT = iphoneos;
				SWIFT_COMPILATION_MODE = wholemodule;
				SWIFT_OPTIMIZATION_LEVEL = "-O";
				VALIDATE_PRODUCT = YES;
			};
			name = Release;
		};
		8674582029086E8F0041C0B1 /* Debug */ = {
			isa = XCBuildConfiguration;
			buildSettings = {
				ASSETCATALOG_COMPILER_APPICON_NAME = AppIcon;
				ASSETCATALOG_COMPILER_GLOBAL_ACCENT_COLOR_NAME = AccentColor;
				CODE_SIGN_STYLE = Automatic;
				CURRENT_PROJECT_VERSION = 1;
				DEVELOPMENT_ASSET_PATHS = "\"PetsCugara/Preview Content\"";
				ENABLE_PREVIEWS = YES;
				GENERATE_INFOPLIST_FILE = YES;
				INFOPLIST_FILE = PetsCugara/Info.plist;
				INFOPLIST_KEY_UIApplicationSceneManifest_Generation = YES;
				INFOPLIST_KEY_UIApplicationSupportsIndirectInputEvents = YES;
				INFOPLIST_KEY_UILaunchScreen_Generation = YES;
				INFOPLIST_KEY_UILaunchStoryboardName = LaunchScreen.storyboard;
				INFOPLIST_KEY_UISupportedInterfaceOrientations_iPad = "UIInterfaceOrientationPortrait UIInterfaceOrientationPortraitUpsideDown UIInterfaceOrientationLandscapeLeft UIInterfaceOrientationLandscapeRight";
				INFOPLIST_KEY_UISupportedInterfaceOrientations_iPhone = "UIInterfaceOrientationPortrait UIInterfaceOrientationLandscapeLeft UIInterfaceOrientationLandscapeRight";
				LD_RUNPATH_SEARCH_PATHS = (
					"$(inherited)",
					"@executable_path/Frameworks",
				);
				MARKETING_VERSION = 1.0;
				PRODUCT_BUNDLE_IDENTIFIER = knigthWolves.PetsCugara;
				PRODUCT_NAME = "$(TARGET_NAME)";
				SWIFT_EMIT_LOC_STRINGS = YES;
				SWIFT_VERSION = 5.0;
				TARGETED_DEVICE_FAMILY = "1,2";
			};
			name = Debug;
		};
		8674582129086E8F0041C0B1 /* Release */ = {
			isa = XCBuildConfiguration;
			buildSettings = {
				ASSETCATALOG_COMPILER_APPICON_NAME = AppIcon;
				ASSETCATALOG_COMPILER_GLOBAL_ACCENT_COLOR_NAME = AccentColor;
				CODE_SIGN_STYLE = Automatic;
				CURRENT_PROJECT_VERSION = 1;
				DEVELOPMENT_ASSET_PATHS = "\"PetsCugara/Preview Content\"";
				ENABLE_PREVIEWS = YES;
				GENERATE_INFOPLIST_FILE = YES;
				INFOPLIST_FILE = PetsCugara/Info.plist;
				INFOPLIST_KEY_UIApplicationSceneManifest_Generation = YES;
				INFOPLIST_KEY_UIApplicationSupportsIndirectInputEvents = YES;
				INFOPLIST_KEY_UILaunchScreen_Generation = YES;
				INFOPLIST_KEY_UILaunchStoryboardName = LaunchScreen.storyboard;
				INFOPLIST_KEY_UISupportedInterfaceOrientations_iPad = "UIInterfaceOrientationPortrait UIInterfaceOrientationPortraitUpsideDown UIInterfaceOrientationLandscapeLeft UIInterfaceOrientationLandscapeRight";
				INFOPLIST_KEY_UISupportedInterfaceOrientations_iPhone = "UIInterfaceOrientationPortrait UIInterfaceOrientationLandscapeLeft UIInterfaceOrientationLandscapeRight";
				LD_RUNPATH_SEARCH_PATHS = (
					"$(inherited)",
					"@executable_path/Frameworks",
				);
				MARKETING_VERSION = 1.0;
				PRODUCT_BUNDLE_IDENTIFIER = knigthWolves.PetsCugara;
				PRODUCT_NAME = "$(TARGET_NAME)";
				SWIFT_EMIT_LOC_STRINGS = YES;
				SWIFT_VERSION = 5.0;
				TARGETED_DEVICE_FAMILY = "1,2";
			};
			name = Release;
		};
/* End XCBuildConfiguration section */

/* Begin XCConfigurationList section */
		8674580C29086E8E0041C0B1 /* Build configuration list for PBXProject "PetsCugara" */ = {
			isa = XCConfigurationList;
			buildConfigurations = (
				8674581D29086E8F0041C0B1 /* Debug */,
				8674581E29086E8F0041C0B1 /* Release */,
			);
			defaultConfigurationIsVisible = 0;
			defaultConfigurationName = Release;
		};
		8674581F29086E8F0041C0B1 /* Build configuration list for PBXNativeTarget "PetsCugara" */ = {
			isa = XCConfigurationList;
			buildConfigurations = (
				8674582029086E8F0041C0B1 /* Debug */,
				8674582129086E8F0041C0B1 /* Release */,
			);
			defaultConfigurationIsVisible = 0;
			defaultConfigurationName = Release;
		};
/* End XCConfigurationList section */
	};
	rootObject = 8674580929086E8E0041C0B1 /* Project object */;
}
